
Microsoft Visual Studio Solution File, Format Version 12.00
# Visual Studio Version 16
VisualStudioVersion = 16.0.30709.132
MinimumVisualStudioVersion = 10.0.40219.1
Project("{9A19103F-16F7-4668-BE54-9A1E7A4F7556}") = "SkyDocs.Blazor", "SkyDocs.Blazor\SkyDocs.Blazor.csproj", "{E262730D-2CDD-4243-8B74-6694F1B76382}"
EndProject
Project("{9A19103F-16F7-4668-BE54-9A1E7A4F7556}") = "ShareServer", "ShareServer\ShareServer.csproj", "{C7E78BF4-24F0-4DE2-88FF-663E24E470D2}"
EndProject
Project("{9A19103F-16F7-4668-BE54-9A1E7A4F7556}") = "Dfinity.Blazor", "Dfinity.Blazor\Dfinity.Blazor.csproj", "{799F78CD-7636-4F06-9783-F8831D361CD9}"
EndProject
Global
	GlobalSection(SolutionConfigurationPlatforms) = preSolution
		Debug|Any CPU = Debug|Any CPU
		Release|Any CPU = Release|Any CPU
	EndGlobalSection
	GlobalSection(ProjectConfigurationPlatforms) = postSolution
		{E262730D-2CDD-4243-8B74-6694F1B76382}.Debug|Any CPU.ActiveCfg = Debug|Any CPU
		{E262730D-2CDD-4243-8B74-6694F1B76382}.Debug|Any CPU.Build.0 = Debug|Any CPU
		{E262730D-2CDD-4243-8B74-6694F1B76382}.Release|Any CPU.ActiveCfg = Release|Any CPU
		{E262730D-2CDD-4243-8B74-6694F1B76382}.Release|Any CPU.Build.0 = Release|Any CPU
		{C7E78BF4-24F0-4DE2-88FF-663E24E470D2}.Debug|Any CPU.ActiveCfg = Debug|Any CPU
		{C7E78BF4-24F0-4DE2-88FF-663E24E470D2}.Debug|Any CPU.Build.0 = Debug|Any CPU
		{C7E78BF4-24F0-4DE2-88FF-663E24E470D2}.Release|Any CPU.ActiveCfg = Release|Any CPU
		{C7E78BF4-24F0-4DE2-88FF-663E24E470D2}.Release|Any CPU.Build.0 = Release|Any CPU
		{799F78CD-7636-4F06-9783-F8831D361CD9}.Debug|Any CPU.ActiveCfg = Debug|Any CPU
		{799F78CD-7636-4F06-9783-F8831D361CD9}.Debug|Any CPU.Build.0 = Debug|Any CPU
		{799F78CD-7636-4F06-9783-F8831D361CD9}.Release|Any CPU.ActiveCfg = Release|Any CPU
		{799F78CD-7636-4F06-9783-F8831D361CD9}.Release|Any CPU.Build.0 = Release|Any CPU
	EndGlobalSection
	GlobalSection(SolutionProperties) = preSolution
		HideSolutionNode = FALSE
	EndGlobalSection
	GlobalSection(ExtensibilityGlobals) = postSolution
		SolutionGuid = {1157201E-F2D9-40C2-A215-A1AD13853AAF}
	EndGlobalSection
EndGlobal
